{
  "pins" : [
    {
      "identity" : "cryptoswift",
      "kind" : "remoteSourceControl",
      "location" : "https://github.com/krzyzanowskim/CryptoSwift",
      "state" : {
        "revision" : "19b3c3ceed117c5cc883517c4e658548315ba70b",
        "version" : "1.6.0"
      }
    },
    {
      "identity" : "mew-wallet-ios-logger",
      "kind" : "remoteSourceControl",
      "location" : "git@github.com:mewwallet/mew-wallet-ios-logger.git",
      "state" : {
        "revision" : "4e17e0015a3e6a5d8b4f1965f9c1ffbb9f64661f",
        "version" : "2.0.0"
      }
    },
    {
      "identity" : "starscream",
      "kind" : "remoteSourceControl",
      "location" : "https://github.com/daltoniam/Starscream.git",
      "state" : {
        "revision" : "df8d82047f6654d8e4b655d1b1525c64e1059d21",
        "version" : "4.0.4"
      }
    },
    {
      "identity" : "swift-log",
      "kind" : "remoteSourceControl",
      "location" : "https://github.com/apple/swift-log.git",
      "state" : {
        "revision" : "32e8d724467f8fe623624570367e3d50c5638e46",
        "version" : "1.5.2"
      }
    },
    {
      "identity" : "swift-log-syslog",
      "kind" : "remoteSourceControl",
      "location" : "https://github.com/ianpartridge/swift-log-syslog.git",
      "state" : {
        "revision" : "654ea6e32b9802c45468c4c743ed507c36a775c2",
        "version" : "1.0.2"
      }
    },
    {
      "identity" : "walletconnectswiftv2",
      "kind" : "remoteSourceControl",
      "location" : "https://github.com/mewwallet/WalletConnectSwiftV2",
      "state" : {
        "revision" : "119cb9606a9322e00f246615e88c52d20655abef",
        "version" : "1.5.3"
      }
    }
  ],
  "version" : 2
}
